
Microsoft Visual Studio Solution File, Format Version 12.00
# Visual Studio Version 17
VisualStudioVersion = 17.14.36511.14
MinimumVisualStudioVersion = 10.0.40219.1
Project("{FAE04EC0-301F-11D3-BF4B-00C04F79EFBC}") = "Client_ConceitoCadastro", "Client_ConceitoCadastro\Client_ConceitoCadastro.csproj", "{7DE0A45D-00B6-4800-A90B-7903D40A3971}"
EndProject
Global
	GlobalSection(SolutionConfigurationPlatforms) = preSolution
		Debug|Any CPU = Debug|Any CPU
		Release|Any CPU = Release|Any CPU
	EndGlobalSection
	GlobalSection(ProjectConfigurationPlatforms) = postSolution
		{7DE0A45D-00B6-4800-A90B-7903D40A3971}.Debug|Any CPU.ActiveCfg = Debug|Any CPU
		{7DE0A45D-00B6-4800-A90B-7903D40A3971}.Debug|Any CPU.Build.0 = Debug|Any CPU
		{7DE0A45D-00B6-4800-A90B-7903D40A3971}.Release|Any CPU.ActiveCfg = Release|Any CPU
		{7DE0A45D-00B6-4800-A90B-7903D40A3971}.Release|Any CPU.Build.0 = Release|Any CPU
	EndGlobalSection
	GlobalSection(SolutionProperties) = preSolution
		HideSolutionNode = FALSE
	EndGlobalSection
	GlobalSection(ExtensibilityGlobals) = postSolution
		SolutionGuid = {93D8E519-4B7A-4ABD-A0A2-99DEF0A4CF04}
	EndGlobalSection
EndGlobal
